{
  "name": "album",
  "version": "1.0.0",
  "lockfileVersion": 1,
  "requires": true,
  "dependencies": {
    "lottie-miniapp": {
      "version": "1.8.13",
      "resolved": "https://registry.npmjs.org/lottie-miniapp/-/lottie-miniapp-1.8.13.tgz",
      "integrity": "sha512-1tBTkMKbf6KLQ8sV5uMQaSkcwLNR1ofFi5j476n72U26Kp9CvJ7YahgXWOUlqbibHqHDYLRJSU6pM/5NzuAEqA=="
    }
  }
}
